
Microsoft Visual Studio Solution File, Format Version 12.00
# Visual Studio Version 17
VisualStudioVersion = 17.11.35312.102
MinimumVisualStudioVersion = 10.0.40219.1
Project("{FAE04EC0-301F-11D3-BF4B-00C04F79EFBC}") = "Sp1", "Sp1\Sp1.csproj", "{EAD463D6-209F-4A1B-9DE3-281298C9E203}"
EndProject
Global
	GlobalSection(SolutionConfigurationPlatforms) = preSolution
		Debug|Any CPU = Debug|Any CPU
		Release|Any CPU = Release|Any CPU
	EndGlobalSection
	GlobalSection(ProjectConfigurationPlatforms) = postSolution
		{EAD463D6-209F-4A1B-9DE3-281298C9E203}.Debug|Any CPU.ActiveCfg = Debug|Any CPU
		{EAD463D6-209F-4A1B-9DE3-281298C9E203}.Debug|Any CPU.Build.0 = Debug|Any CPU
		{EAD463D6-209F-4A1B-9DE3-281298C9E203}.Release|Any CPU.ActiveCfg = Release|Any CPU
		{EAD463D6-209F-4A1B-9DE3-281298C9E203}.Release|Any CPU.Build.0 = Release|Any CPU
	EndGlobalSection
	GlobalSection(SolutionProperties) = preSolution
		HideSolutionNode = FALSE
	EndGlobalSection
	GlobalSection(ExtensibilityGlobals) = postSolution
		SolutionGuid = {F63F8014-BCF2-4E90-9B26-BA0EE9238A0E}
	EndGlobalSection
EndGlobal
